// !$*UTF8*$!
{
	archiveVersion = 1;
	classes = {
	};
	objectVersion = 56;
	objects = {

/* Begin PBXBuildFile section */
		133AF49C2C2A8C7F008B2EE4 /* AgendamentoView.swift in Sources */ = {isa = PBXBuildFile; fileRef = 133AF49B2C2A8C7F008B2EE4 /* AgendamentoView.swift */; };
		134036B42C20034E00479CAD /* MockData.swift in Sources */ = {isa = PBXBuildFile; fileRef = 134036B32C20034E00479CAD /* MockData.swift */; };
		136896262C2C017400BEBB05 /* Date+.swift in Sources */ = {isa = PBXBuildFile; fileRef = 136896252C2C017400BEBB05 /* Date+.swift */; };
		136896282C2C018600BEBB05 /* String+.swift in Sources */ = {isa = PBXBuildFile; fileRef = 136896272C2C018600BEBB05 /* String+.swift */; };
		1368962A2C2E5D5D00BEBB05 /* Schedule.swift in Sources */ = {isa = PBXBuildFile; fileRef = 136896292C2E5D5D00BEBB05 /* Schedule.swift */; };
		136EB13C2C754531001FEFF5 /* CancelAppointmentView.swift in Sources */ = {isa = PBXBuildFile; fileRef = 136EB13B2C754531001FEFF5 /* CancelAppointmentView.swift */; };
		1385BA902C34307D00FC1874 /* ConsultasView.swift in Sources */ = {isa = PBXBuildFile; fileRef = 1385BA8F2C34307D00FC1874 /* ConsultasView.swift */; };
		1385BA932C34315600FC1874 /* AppTabView.swift in Sources */ = {isa = PBXBuildFile; fileRef = 1385BA922C34315600FC1874 /* AppTabView.swift */; };
		13C878542C56373200849FE2 /* Appointment.swift in Sources */ = {isa = PBXBuildFile; fileRef = 13C878532C56373200849FE2 /* Appointment.swift */; };
		484BEEFD2AB0F5750033C07A /* Specialist.swift in Sources */ = {isa = PBXBuildFile; fileRef = 484BEEFC2AB0F5750033C07A /* Specialist.swift */; };
		484BEEFF2AB0F59D0033C07A /* WebService.swift in Sources */ = {isa = PBXBuildFile; fileRef = 484BEEFE2AB0F59D0033C07A /* WebService.swift */; };
		484BEF012AB0F6090033C07A /* ButtonView.swift in Sources */ = {isa = PBXBuildFile; fileRef = 484BEF002AB0F6090033C07A /* ButtonView.swift */; };
		484BEF032AB0F7080033C07A /* SpecialistCardView.swift in Sources */ = {isa = PBXBuildFile; fileRef = 484BEF022AB0F7080033C07A /* SpecialistCardView.swift */; };
		484BEF052AB0F7970033C07A /* HomeView.swift in Sources */ = {isa = PBXBuildFile; fileRef = 484BEF042AB0F7970033C07A /* HomeView.swift */; };
		48539DED2AB0F47C005BD7C9 /* VollmedApp.swift in Sources */ = {isa = PBXBuildFile; fileRef = 48539DEC2AB0F47C005BD7C9 /* VollmedApp.swift */; };
		48539DEF2AB0F47C005BD7C9 /* ContentView.swift in Sources */ = {isa = PBXBuildFile; fileRef = 48539DEE2AB0F47C005BD7C9 /* ContentView.swift */; };
		48539DF12AB0F47D005BD7C9 /* Assets.xcassets in Resources */ = {isa = PBXBuildFile; fileRef = 48539DF02AB0F47D005BD7C9 /* Assets.xcassets */; };
		48539DF42AB0F47D005BD7C9 /* Preview Assets.xcassets in Resources */ = {isa = PBXBuildFile; fileRef = 48539DF32AB0F47D005BD7C9 /* Preview Assets.xcassets */; };
/* End PBXBuildFile section */

/* Begin PBXFileReference section */
		133AF49B2C2A8C7F008B2EE4 /* AgendamentoView.swift */ = {isa = PBXFileReference; lastKnownFileType = sourcecode.swift; path = AgendamentoView.swift; sourceTree = "<group>"; };
		134036B32C20034E00479CAD /* MockData.swift */ = {isa = PBXFileReference; lastKnownFileType = sourcecode.swift; path = MockData.swift; sourceTree = "<group>"; };
		136896252C2C017400BEBB05 /* Date+.swift */ = {isa = PBXFileReference; lastKnownFileType = sourcecode.swift; path = "Date+.swift"; sourceTree = "<group>"; };
		136896272C2C018600BEBB05 /* String+.swift */ = {isa = PBXFileReference; lastKnownFileType = sourcecode.swift; path = "String+.swift"; sourceTree = "<group>"; };
		136896292C2E5D5D00BEBB05 /* Schedule.swift */ = {isa = PBXFileReference; lastKnownFileType = sourcecode.swift; path = Schedule.swift; sourceTree = "<group>"; };
		136EB13B2C754531001FEFF5 /* CancelAppointmentView.swift */ = {isa = PBXFileReference; lastKnownFileType = sourcecode.swift; path = CancelAppointmentView.swift; sourceTree = "<group>"; };
		1385BA8F2C34307D00FC1874 /* ConsultasView.swift */ = {isa = PBXFileReference; lastKnownFileType = sourcecode.swift; path = ConsultasView.swift; sourceTree = "<group>"; };
		1385BA922C34315600FC1874 /* AppTabView.swift */ = {isa = PBXFileReference; lastKnownFileType = sourcecode.swift; path = AppTabView.swift; sourceTree = "<group>"; };
		13C878532C56373200849FE2 /* Appointment.swift */ = {isa = PBXFileReference; lastKnownFileType = sourcecode.swift; path = Appointment.swift; sourceTree = "<group>"; };
		484BEEFC2AB0F5750033C07A /* Specialist.swift */ = {isa = PBXFileReference; lastKnownFileType = sourcecode.swift; path = Specialist.swift; sourceTree = "<group>"; };
		484BEEFE2AB0F59D0033C07A /* WebService.swift */ = {isa = PBXFileReference; lastKnownFileType = sourcecode.swift; path = WebService.swift; sourceTree = "<group>"; };
		484BEF002AB0F6090033C07A /* ButtonView.swift */ = {isa = PBXFileReference; lastKnownFileType = sourcecode.swift; path = ButtonView.swift; sourceTree = "<group>"; };
		484BEF022AB0F7080033C07A /* SpecialistCardView.swift */ = {isa = PBXFileReference; lastKnownFileType = sourcecode.swift; path = SpecialistCardView.swift; sourceTree = "<group>"; };
		484BEF042AB0F7970033C07A /* HomeView.swift */ = {isa = PBXFileReference; lastKnownFileType = sourcecode.swift; path = HomeView.swift; sourceTree = "<group>"; };
		48539DE92AB0F47C005BD7C9 /* Vollmed.app */ = {isa = PBXFileReference; explicitFileType = wrapper.application; includeInIndex = 0; path = Vollmed.app; sourceTree = BUILT_PRODUCTS_DIR; };
		48539DEC2AB0F47C005BD7C9 /* VollmedApp.swift */ = {isa = PBXFileReference; lastKnownFileType = sourcecode.swift; path = VollmedApp.swift; sourceTree = "<group>"; };
		48539DEE2AB0F47C005BD7C9 /* ContentView.swift */ = {isa = PBXFileReference; lastKnownFileType = sourcecode.swift; path = ContentView.swift; sourceTree = "<group>"; };
		48539DF02AB0F47D005BD7C9 /* Assets.xcassets */ = {isa = PBXFileReference; lastKnownFileType = folder.assetcatalog; path = Assets.xcassets; sourceTree = "<group>"; };
		48539DF32AB0F47D005BD7C9 /* Preview Assets.xcassets */ = {isa = PBXFileReference; lastKnownFileType = folder.assetcatalog; path = "Preview Assets.xcassets"; sourceTree = "<group>"; };
/* End PBXFileReference section */

/* Begin PBXFrameworksBuildPhase section */
		48539DE62AB0F47C005BD7C9 /* Frameworks */ = {
			isa = PBXFrameworksBuildPhase;
			buildActionMask = 2147483647;
			files = (
			);
			runOnlyForDeploymentPostprocessing = 0;
		};
/* End PBXFrameworksBuildPhase section */

/* Begin PBXGroup section */
		134036B02C20031100479CAD /* Data */ = {
			isa = PBXGroup;
			children = (
				134036B12C20032900479CAD /* Local */,
				484BEEFB2AB0F56C0033C07A /* Network */,
			);
			path = Data;
			sourceTree = "<group>";
		};
		134036B12C20032900479CAD /* Local */ = {
			isa = PBXGroup;
			children = (
				134036B22C20032E00479CAD /* Mock */,
			);
			path = Local;
			sourceTree = "<group>";
		};
		134036B22C20032E00479CAD /* Mock */ = {
			isa = PBXGroup;
			children = (
				134036B32C20034E00479CAD /* MockData.swift */,
			);
			path = Mock;
			sourceTree = "<group>";
		};
		136896242C2C015300BEBB05 /* Extensions */ = {
			isa = PBXGroup;
			children = (
				136896252C2C017400BEBB05 /* Date+.swift */,
				136896272C2C018600BEBB05 /* String+.swift */,
			);
			path = Extensions;
			sourceTree = "<group>";
		};
		13AB15D02C13D284004924B9 /* Screens */ = {
			isa = PBXGroup;
			children = (
				484BEF042AB0F7970033C07A /* HomeView.swift */,
				48539DEE2AB0F47C005BD7C9 /* ContentView.swift */,
				133AF49B2C2A8C7F008B2EE4 /* AgendamentoView.swift */,
				1385BA8F2C34307D00FC1874 /* ConsultasView.swift */,
				136EB13B2C754531001FEFF5 /* CancelAppointmentView.swift */,
			);
			path = Screens;
			sourceTree = "<group>";
		};
		13AB15D12C13D2A3004924B9 /* App */ = {
			isa = PBXGroup;
			children = (
				48539DEC2AB0F47C005BD7C9 /* VollmedApp.swift */,
			);
			path = App;
			sourceTree = "<group>";
		};
		484BEEF82AB0F55F0033C07A /* UI */ = {
			isa = PBXGroup;
			children = (
				13AB15D12C13D2A3004924B9 /* App */,
				13AB15D02C13D284004924B9 /* Screens */,
				484BEEF92AB0F5630033C07A /* Components */,
			);
			path = UI;
			sourceTree = "<group>";
		};
		484BEEF92AB0F5630033C07A /* Components */ = {
			isa = PBXGroup;
			children = (
				484BEF002AB0F6090033C07A /* ButtonView.swift */,
				484BEF022AB0F7080033C07A /* SpecialistCardView.swift */,
				1385BA922C34315600FC1874 /* AppTabView.swift */,
			);
			path = Components;
			sourceTree = "<group>";
		};
		484BEEFA2AB0F5680033C07A /* Models */ = {
			isa = PBXGroup;
			children = (
				484BEEFC2AB0F5750033C07A /* Specialist.swift */,
				136896292C2E5D5D00BEBB05 /* Schedule.swift */,
				13C878532C56373200849FE2 /* Appointment.swift */,
			);
			path = Models;
			sourceTree = "<group>";
		};
		484BEEFB2AB0F56C0033C07A /* Network */ = {
			isa = PBXGroup;
			children = (
				484BEEFE2AB0F59D0033C07A /* WebService.swift */,
			);
			path = Network;
			sourceTree = "<group>";
		};
		48539DE02AB0F47C005BD7C9 = {
			isa = PBXGroup;
			children = (
				48539DEB2AB0F47C005BD7C9 /* Vollmed */,
				48539DEA2AB0F47C005BD7C9 /* Products */,
			);
			sourceTree = "<group>";
		};
		48539DEA2AB0F47C005BD7C9 /* Products */ = {
			isa = PBXGroup;
			children = (
				48539DE92AB0F47C005BD7C9 /* Vollmed.app */,
			);
			name = Products;
			sourceTree = "<group>";
		};
		48539DEB2AB0F47C005BD7C9 /* Vollmed */ = {
			isa = PBXGroup;
			children = (
				136896242C2C015300BEBB05 /* Extensions */,
				134036B02C20031100479CAD /* Data */,
				484BEEFA2AB0F5680033C07A /* Models */,
				484BEEF82AB0F55F0033C07A /* UI */,
				48539DF02AB0F47D005BD7C9 /* Assets.xcassets */,
				48539DF22AB0F47D005BD7C9 /* Preview Content */,
			);
			path = Vollmed;
			sourceTree = "<group>";
		};
		48539DF22AB0F47D005BD7C9 /* Preview Content */ = {
			isa = PBXGroup;
			children = (
				48539DF32AB0F47D005BD7C9 /* Preview Assets.xcassets */,
			);
			path = "Preview Content";
			sourceTree = "<group>";
		};
/* End PBXGroup section */

/* Begin PBXNativeTarget section */
		48539DE82AB0F47C005BD7C9 /* Vollmed */ = {
			isa = PBXNativeTarget;
			buildConfigurationList = 48539DF72AB0F47D005BD7C9 /* Build configuration list for PBXNativeTarget "Vollmed" */;
			buildPhases = (
				48539DE52AB0F47C005BD7C9 /* Sources */,
				48539DE62AB0F47C005BD7C9 /* Frameworks */,
				48539DE72AB0F47C005BD7C9 /* Resources */,
			);
			buildRules = (
			);
			dependencies = (
				13A2B2D02C8FB5B2009689C4 /* PBXTargetDependency */,
			);
			name = Vollmed;
			packageProductDependencies = (
			);
			productName = Vollmed;
			productReference = 48539DE92AB0F47C005BD7C9 /* Vollmed.app */;
			productType = "com.apple.product-type.application";
		};
/* End PBXNativeTarget section */

/* Begin PBXProject section */
		48539DE12AB0F47C005BD7C9 /* Project object */ = {
			isa = PBXProject;
			attributes = {
				BuildIndependentTargetsInParallel = 1;
				LastSwiftUpdateCheck = 1500;
				LastUpgradeCheck = 1500;
				TargetAttributes = {
					48539DE82AB0F47C005BD7C9 = {
						CreatedOnToolsVersion = 15.0;
					};
				};
			};
			buildConfigurationList = 48539DE42AB0F47C005BD7C9 /* Build configuration list for PBXProject "Vollmed" */;
			compatibilityVersion = "Xcode 14.0";
			developmentRegion = en;
			hasScannedForEncodings = 0;
			knownRegions = (
				en,
				Base,
			);
			mainGroup = 48539DE02AB0F47C005BD7C9;
			packageReferences = (
				13A2B2CC2C8FA01A009689C4 /* XCRemoteSwiftPackageReference "SwiftLint" */,
			);
			productRefGroup = 48539DEA2AB0F47C005BD7C9 /* Products */;
			projectDirPath = "";
			projectRoot = "";
			targets = (
				48539DE82AB0F47C005BD7C9 /* Vollmed */,
			);
		};
/* End PBXProject section */

/* Begin PBXResourcesBuildPhase section */
		48539DE72AB0F47C005BD7C9 /* Resources */ = {
			isa = PBXResourcesBuildPhase;
			buildActionMask = 2147483647;
			files = (
				48539DF42AB0F47D005BD7C9 /* Preview Assets.xcassets in Resources */,
				48539DF12AB0F47D005BD7C9 /* Assets.xcassets in Resources */,
			);
			runOnlyForDeploymentPostprocessing = 0;
		};
/* End PBXResourcesBuildPhase section */

/* Begin PBXSourcesBuildPhase section */
		48539DE52AB0F47C005BD7C9 /* Sources */ = {
			isa = PBXSourcesBuildPhase;
			buildActionMask = 2147483647;
			files = (
				133AF49C2C2A8C7F008B2EE4 /* AgendamentoView.swift in Sources */,
				48539DEF2AB0F47C005BD7C9 /* ContentView.swift in Sources */,
				484BEF052AB0F7970033C07A /* HomeView.swift in Sources */,
				484BEEFD2AB0F5750033C07A /* Specialist.swift in Sources */,
				1385BA932C34315600FC1874 /* AppTabView.swift in Sources */,
				484BEF012AB0F6090033C07A /* ButtonView.swift in Sources */,
				136EB13C2C754531001FEFF5 /* CancelAppointmentView.swift in Sources */,
				484BEF032AB0F7080033C07A /* SpecialistCardView.swift in Sources */,
				1368962A2C2E5D5D00BEBB05 /* Schedule.swift in Sources */,
				1385BA902C34307D00FC1874 /* ConsultasView.swift in Sources */,
				13C878542C56373200849FE2 /* Appointment.swift in Sources */,
				134036B42C20034E00479CAD /* MockData.swift in Sources */,
				136896282C2C018600BEBB05 /* String+.swift in Sources */,
				136896262C2C017400BEBB05 /* Date+.swift in Sources */,
				484BEEFF2AB0F59D0033C07A /* WebService.swift in Sources */,
				48539DED2AB0F47C005BD7C9 /* VollmedApp.swift in Sources */,
			);
			runOnlyForDeploymentPostprocessing = 0;
		};
/* End PBXSourcesBuildPhase section */

/* Begin PBXTargetDependency section */
		13A2B2D02C8FB5B2009689C4 /* PBXTargetDependency */ = {
			isa = PBXTargetDependency;
			productRef = 13A2B2CF2C8FB5B2009689C4 /* SwiftLintBuildToolPlugin */;
		};
/* End PBXTargetDependency section */

/* Begin XCBuildConfiguration section */
		48539DF52AB0F47D005BD7C9 /* Debug */ = {
			isa = XCBuildConfiguration;
			buildSettings = {
				ALWAYS_SEARCH_USER_PATHS = NO;
				ASSETCATALOG_COMPILER_GENERATE_SWIFT_ASSET_SYMBOL_EXTENSIONS = YES;
				CLANG_ANALYZER_NONNULL = YES;
				CLANG_ANALYZER_NUMBER_OBJECT_CONVERSION = YES_AGGRESSIVE;
				CLANG_CXX_LANGUAGE_STANDARD = "gnu++20";
				CLANG_ENABLE_MODULES = YES;
				CLANG_ENABLE_OBJC_ARC = YES;
				CLANG_ENABLE_OBJC_WEAK = YES;
				CLANG_WARN_BLOCK_CAPTURE_AUTORELEASING = YES;
				CLANG_WARN_BOOL_CONVERSION = YES;
				CLANG_WARN_COMMA = YES;
				CLANG_WARN_CONSTANT_CONVERSION = YES;
				CLANG_WARN_DEPRECATED_OBJC_IMPLEMENTATIONS = YES;
				CLANG_WARN_DIRECT_OBJC_ISA_USAGE = YES_ERROR;
				CLANG_WARN_DOCUMENTATION_COMMENTS = YES;
				CLANG_WARN_EMPTY_BODY = YES;
				CLANG_WARN_ENUM_CONVERSION = YES;
				CLANG_WARN_INFINITE_RECURSION = YES;
				CLANG_WARN_INT_CONVERSION = YES;
				CLANG_WARN_NON_LITERAL_NULL_CONVERSION = YES;
				CLANG_WARN_OBJC_IMPLICIT_RETAIN_SELF = YES;
				CLANG_WARN_OBJC_LITERAL_CONVERSION = YES;
				CLANG_WARN_OBJC_ROOT_CLASS = YES_ERROR;
				CLANG_WARN_QUOTED_INCLUDE_IN_FRAMEWORK_HEADER = YES;
				CLANG_WARN_RANGE_LOOP_ANALYSIS = YES;
				CLANG_WARN_STRICT_PROTOTYPES = YES;
				CLANG_WARN_SUSPICIOUS_MOVE = YES;
				CLANG_WARN_UNGUARDED_AVAILABILITY = YES_AGGRESSIVE;
				CLANG_WARN_UNREACHABLE_CODE = YES;
				CLANG_WARN__DUPLICATE_METHOD_MATCH = YES;
				COPY_PHASE_STRIP = NO;
				DEBUG_INFORMATION_FORMAT = dwarf;
				ENABLE_STRICT_OBJC_MSGSEND = YES;
				ENABLE_TESTABILITY = YES;
				ENABLE_USER_SCRIPT_SANDBOXING = YES;
				GCC_C_LANGUAGE_STANDARD = gnu17;
				GCC_DYNAMIC_NO_PIC = NO;
				GCC_NO_COMMON_BLOCKS = YES;
				GCC_OPTIMIZATION_LEVEL = 0;
				GCC_PREPROCESSOR_DEFINITIONS = (
					"DEBUG=1",
					"$(inherited)",
				);
				GCC_WARN_64_TO_32_BIT_CONVERSION = YES;
				GCC_WARN_ABOUT_RETURN_TYPE = YES_ERROR;
				GCC_WARN_UNDECLARED_SELECTOR = YES;
				GCC_WARN_UNINITIALIZED_AUTOS = YES_AGGRESSIVE;
				GCC_WARN_UNUSED_FUNCTION = YES;
				GCC_WARN_UNUSED_VARIABLE = YES;
				IPHONEOS_DEPLOYMENT_TARGET = 17.0;
				LOCALIZATION_PREFERS_STRING_CATALOGS = YES;
				MTL_ENABLE_DEBUG_INFO = INCLUDE_SOURCE;
				MTL_FAST_MATH = YES;
				ONLY_ACTIVE_ARCH = YES;
				SDKROOT = iphoneos;
				SWIFT_ACTIVE_COMPILATION_CONDITIONS = "DEBUG $(inherited)";
				SWIFT_OPTIMIZATION_LEVEL = "-Onone";
			};
			name = Debug;
		};
		48539DF62AB0F47D005BD7C9 /* Release */ = {
			isa = XCBuildConfiguration;
			buildSettings = {
				ALWAYS_SEARCH_USER_PATHS = NO;
				ASSETCATALOG_COMPILER_GENERATE_SWIFT_ASSET_SYMBOL_EXTENSIONS = YES;
				CLANG_ANALYZER_NONNULL = YES;
				CLANG_ANALYZER_NUMBER_OBJECT_CONVERSION = YES_AGGRESSIVE;
				CLANG_CXX_LANGUAGE_STANDARD = "gnu++20";
				CLANG_ENABLE_MODULES = YES;
				CLANG_ENABLE_OBJC_ARC = YES;
				CLANG_ENABLE_OBJC_WEAK = YES;
				CLANG_WARN_BLOCK_CAPTURE_AUTORELEASING = YES;
				CLANG_WARN_BOOL_CONVERSION = YES;
				CLANG_WARN_COMMA = YES;
				CLANG_WARN_CONSTANT_CONVERSION = YES;
				CLANG_WARN_DEPRECATED_OBJC_IMPLEMENTATIONS = YES;
				CLANG_WARN_DIRECT_OBJC_ISA_USAGE = YES_ERROR;
				CLANG_WARN_DOCUMENTATION_COMMENTS = YES;
				CLANG_WARN_EMPTY_BODY = YES;
				CLANG_WARN_ENUM_CONVERSION = YES;
				CLANG_WARN_INFINITE_RECURSION = YES;
				CLANG_WARN_INT_CONVERSION = YES;
				CLANG_WARN_NON_LITERAL_NULL_CONVERSION = YES;
				CLANG_WARN_OBJC_IMPLICIT_RETAIN_SELF = YES;
				CLANG_WARN_OBJC_LITERAL_CONVERSION = YES;
				CLANG_WARN_OBJC_ROOT_CLASS = YES_ERROR;
				CLANG_WARN_QUOTED_INCLUDE_IN_FRAMEWORK_HEADER = YES;
				CLANG_WARN_RANGE_LOOP_ANALYSIS = YES;
				CLANG_WARN_STRICT_PROTOTYPES = YES;
				CLANG_WARN_SUSPICIOUS_MOVE = YES;
				CLANG_WARN_UNGUARDED_AVAILABILITY = YES_AGGRESSIVE;
				CLANG_WARN_UNREACHABLE_CODE = YES;
				CLANG_WARN__DUPLICATE_METHOD_MATCH = YES;
				COPY_PHASE_STRIP = NO;
				DEBUG_INFORMATION_FORMAT = "dwarf-with-dsym";
				ENABLE_NS_ASSERTIONS = NO;
				ENABLE_STRICT_OBJC_MSGSEND = YES;
				ENABLE_USER_SCRIPT_SANDBOXING = YES;
				GCC_C_LANGUAGE_STANDARD = gnu17;
				GCC_NO_COMMON_BLOCKS = YES;
				GCC_WARN_64_TO_32_BIT_CONVERSION = YES;
				GCC_WARN_ABOUT_RETURN_TYPE = YES_ERROR;
				GCC_WARN_UNDECLARED_SELECTOR = YES;
				GCC_WARN_UNINITIALIZED_AUTOS = YES_AGGRESSIVE;
				GCC_WARN_UNUSED_FUNCTION = YES;
				GCC_WARN_UNUSED_VARIABLE = YES;
				IPHONEOS_DEPLOYMENT_TARGET = 17.0;
				LOCALIZATION_PREFERS_STRING_CATALOGS = YES;
				MTL_ENABLE_DEBUG_INFO = NO;
				MTL_FAST_MATH = YES;
				SDKROOT = iphoneos;
				SWIFT_COMPILATION_MODE = wholemodule;
				VALIDATE_PRODUCT = YES;
			};
			name = Release;
		};
		48539DF82AB0F47D005BD7C9 /* Debug */ = {
			isa = XCBuildConfiguration;
			buildSettings = {
				ASSETCATALOG_COMPILER_APPICON_NAME = AppIcon;
				ASSETCATALOG_COMPILER_GLOBAL_ACCENT_COLOR_NAME = AccentColor;
				CODE_SIGN_STYLE = Automatic;
				CURRENT_PROJECT_VERSION = 1;
				DEVELOPMENT_ASSET_PATHS = "\"Vollmed/Preview Content\"";
				ENABLE_PREVIEWS = YES;
				GENERATE_INFOPLIST_FILE = YES;
				INFOPLIST_KEY_UIApplicationSceneManifest_Generation = YES;
				INFOPLIST_KEY_UIApplicationSupportsIndirectInputEvents = YES;
				INFOPLIST_KEY_UILaunchScreen_Generation = YES;
				INFOPLIST_KEY_UISupportedInterfaceOrientations_iPad = "UIInterfaceOrientationPortrait UIInterfaceOrientationPortraitUpsideDown UIInterfaceOrientationLandscapeLeft UIInterfaceOrientationLandscapeRight";
				INFOPLIST_KEY_UISupportedInterfaceOrientations_iPhone = "UIInterfaceOrientationPortrait UIInterfaceOrientationLandscapeLeft UIInterfaceOrientationLandscapeRight";
				LD_RUNPATH_SEARCH_PATHS = (
					"$(inherited)",
					"@executable_path/Frameworks",
				);
				MARKETING_VERSION = 1.0;
				PRODUCT_BUNDLE_IDENTIFIER = com.giovannamoeller.Vollmed;
				PRODUCT_NAME = "$(TARGET_NAME)";
				SWIFT_EMIT_LOC_STRINGS = YES;
				SWIFT_VERSION = 5.0;
				TARGETED_DEVICE_FAMILY = "1,2";
			};
			name = Debug;
		};
		48539DF92AB0F47D005BD7C9 /* Release */ = {
			isa = XCBuildConfiguration;
			buildSettings = {
				ASSETCATALOG_COMPILER_APPICON_NAME = AppIcon;
				ASSETCATALOG_COMPILER_GLOBAL_ACCENT_COLOR_NAME = AccentColor;
				CODE_SIGN_STYLE = Automatic;
				CURRENT_PROJECT_VERSION = 1;
				DEVELOPMENT_ASSET_PATHS = "\"Vollmed/Preview Content\"";
				ENABLE_PREVIEWS = YES;
				GENERATE_INFOPLIST_FILE = YES;
				INFOPLIST_KEY_UIApplicationSceneManifest_Generation = YES;
				INFOPLIST_KEY_UIApplicationSupportsIndirectInputEvents = YES;
				INFOPLIST_KEY_UILaunchScreen_Generation = YES;
				INFOPLIST_KEY_UISupportedInterfaceOrientations_iPad = "UIInterfaceOrientationPortrait UIInterfaceOrientationPortraitUpsideDown UIInterfaceOrientationLandscapeLeft UIInterfaceOrientationLandscapeRight";
				INFOPLIST_KEY_UISupportedInterfaceOrientations_iPhone = "UIInterfaceOrientationPortrait UIInterfaceOrientationLandscapeLeft UIInterfaceOrientationLandscapeRight";
				LD_RUNPATH_SEARCH_PATHS = (
					"$(inherited)",
					"@executable_path/Frameworks",
				);
				MARKETING_VERSION = 1.0;
				PRODUCT_BUNDLE_IDENTIFIER = com.giovannamoeller.Vollmed;
				PRODUCT_NAME = "$(TARGET_NAME)";
				SWIFT_EMIT_LOC_STRINGS = YES;
				SWIFT_VERSION = 5.0;
				TARGETED_DEVICE_FAMILY = "1,2";
			};
			name = Release;
		};
/* End XCBuildConfiguration section */

/* Begin XCConfigurationList section */
		48539DE42AB0F47C005BD7C9 /* Build configuration list for PBXProject "Vollmed" */ = {
			isa = XCConfigurationList;
			buildConfigurations = (
				48539DF52AB0F47D005BD7C9 /* Debug */,
				48539DF62AB0F47D005BD7C9 /* Release */,
			);
			defaultConfigurationIsVisible = 0;
			defaultConfigurationName = Release;
		};
		48539DF72AB0F47D005BD7C9 /* Build configuration list for PBXNativeTarget "Vollmed" */ = {
			isa = XCConfigurationList;
			buildConfigurations = (
				48539DF82AB0F47D005BD7C9 /* Debug */,
				48539DF92AB0F47D005BD7C9 /* Release */,
			);
			defaultConfigurationIsVisible = 0;
			defaultConfigurationName = Release;
		};
/* End XCConfigurationList section */

/* Begin XCRemoteSwiftPackageReference section */
		13A2B2CC2C8FA01A009689C4 /* XCRemoteSwiftPackageReference "SwiftLint" */ = {
			isa = XCRemoteSwiftPackageReference;
			repositoryURL = "https://github.com/realm/SwiftLint";
			requirement = {
				kind = upToNextMajorVersion;
				minimumVersion = 0.57.0;
			};
		};
/* End XCRemoteSwiftPackageReference section */

/* Begin XCSwiftPackageProductDependency section */
		13A2B2CF2C8FB5B2009689C4 /* SwiftLintBuildToolPlugin */ = {
			isa = XCSwiftPackageProductDependency;
			package = 13A2B2CC2C8FA01A009689C4 /* XCRemoteSwiftPackageReference "SwiftLint" */;
			productName = "plugin:SwiftLintBuildToolPlugin";
		};
/* End XCSwiftPackageProductDependency section */
	};
	rootObject = 48539DE12AB0F47C005BD7C9 /* Project object */;
}
